// !$*UTF8*$!
{
	archiveVersion = 1;
	classes = {
	};
	objectVersion = 77;
	objects = {

/* Begin PBXBuildFile section */
		00932389C62792458B54AFA6 /* InertMobileSession.swift in Sources */ = {isa = PBXBuildFile; fileRef = 9E3E1B0829229AE158713DE8 /* InertMobileSession.swift */; };
		01C56A94E7CC9DBB515C661E /* MobileSendModelTests.swift in Sources */ = {isa = PBXBuildFile; fileRef = EFDB0E813C60BF2268A4F4BD /* MobileSendModelTests.swift */; };
		0335FC4356630E361F3436C1 /* PairingModelTests.swift in Sources */ = {isa = PBXBuildFile; fileRef = 4835F265E8852B7C557B14C0 /* PairingModelTests.swift */; };
		034A825E6F7B335A1A90A15A /* MobileFilesPicker.swift in Sources */ = {isa = PBXBuildFile; fileRef = FF5EB2E29CE5CCD75C98A075 /* MobileFilesPicker.swift */; };
		07C5EB01BA5D18C259B69023 /* MobileSendView.swift in Sources */ = {isa = PBXBuildFile; fileRef = A176CDE10132373A6831DDA8 /* MobileSendView.swift */; };
		10CD1E3054124B4C7C164539 /* Assets.xcassets in Resources */ = {isa = PBXBuildFile; fileRef = 76C5193DCAB8E7BCD06DADDB /* Assets.xcassets */; };
		12CDAFE347F5CE03D7538CB1 /* MobileImportAdapterTests.swift in Sources */ = {isa = PBXBuildFile; fileRef = 176E158047FFCA24839DF4DD /* MobileImportAdapterTests.swift */; };
		1D2AE99A4B8027E2DCA9A423 /* DropMeshUITests.swift in Sources */ = {isa = PBXBuildFile; fileRef = AF53E771EBFC31DE081D5B1C /* DropMeshUITests.swift */; };
		1D3A08FAA40B041DC3A7B590 /* MobileImportService.swift in Sources */ = {isa = PBXBuildFile; fileRef = FA2BEEF139C10D33AB97987F /* MobileImportService.swift */; };
		249115AE81C5ED79D88E368B /* MobileSendModel.swift in Sources */ = {isa = PBXBuildFile; fileRef = 074547827062A225FCBBFA7D /* MobileSendModel.swift */; };
		29077D85A5871BA30317975A /* DropMeshApp.swift in Sources */ = {isa = PBXBuildFile; fileRef = 59A6F956BDE3FF2F5A32C7AF /* DropMeshApp.swift */; };
		29743D11F6701F1B3219095F /* ProductionMobileAppDependencies.swift in Sources */ = {isa = PBXBuildFile; fileRef = 8B97DB2A3F22D9602B503EAF /* ProductionMobileAppDependencies.swift */; };
		2B6817DBDBF40137D3623253 /* MobilePeerNames.swift in Sources */ = {isa = PBXBuildFile; fileRef = DA5DD56ED8B7DBDA06D69A08 /* MobilePeerNames.swift */; };
		2D2460AEB748F70ECBFE33A1 /* MobileAppSession.swift in Sources */ = {isa = PBXBuildFile; fileRef = 17B9B64B8A170F0B09D616B0 /* MobileAppSession.swift */; };
		2D9A59451805F8B4F98357BF /* MobilePeerNames.swift in Sources */ = {isa = PBXBuildFile; fileRef = DA5DD56ED8B7DBDA06D69A08 /* MobilePeerNames.swift */; };
		3CE0239CCB871945A20F156F /* MobileAppSession.swift in Sources */ = {isa = PBXBuildFile; fileRef = 17B9B64B8A170F0B09D616B0 /* MobileAppSession.swift */; };
		467034C3052FC87F1DF73E87 /* MobileImportService.swift in Sources */ = {isa = PBXBuildFile; fileRef = FA2BEEF139C10D33AB97987F /* MobileImportService.swift */; };
		57CA24697E5F67EF931C78F6 /* MobilePhotoImport.swift in Sources */ = {isa = PBXBuildFile; fileRef = 9B48831F8E46CF32BB150447 /* MobilePhotoImport.swift */; };
		5C851F657A65CDCA44F7A895 /* PairingView.swift in Sources */ = {isa = PBXBuildFile; fileRef = AA2DC0FE503504330567F461 /* PairingView.swift */; };
		5E5886A80F3EFC98E2A2D19B /* MobileTransferView.swift in Sources */ = {isa = PBXBuildFile; fileRef = 98475B2C453B6D6E2E8AA936 /* MobileTransferView.swift */; };
		5F0B3EF8DB407DF7DB976939 /* MobileAppModel.swift in Sources */ = {isa = PBXBuildFile; fileRef = 64F5B8A4EC69151ED61B7BAE /* MobileAppModel.swift */; };
		5F4782FB020D4BEF50EC5451 /* MobilePhotoImport.swift in Sources */ = {isa = PBXBuildFile; fileRef = 9B48831F8E46CF32BB150447 /* MobilePhotoImport.swift */; };
		6934FC13A7ADC30A78A71A83 /* PairingView.swift in Sources */ = {isa = PBXBuildFile; fileRef = AA2DC0FE503504330567F461 /* PairingView.swift */; };
		72F00130732B48EBEC352C02 /* PairingModel.swift in Sources */ = {isa = PBXBuildFile; fileRef = 1A74B9233E95B118EE8765EB /* PairingModel.swift */; };
		7AD03419886B61D54E5378B5 /* InfoPlist.strings in Resources */ = {isa = PBXBuildFile; fileRef = 6C81C2CC9E826AF5DF8174F4 /* InfoPlist.strings */; };
		7C943D8B582B57DBD68514DA /* Localizable.strings in Resources */ = {isa = PBXBuildFile; fileRef = F9D100CE642014031FE52C2E /* Localizable.strings */; };
		7CEEB9426D37F5043AD379EE /* DropMeshMobileRuntime in Frameworks */ = {isa = PBXBuildFile; productRef = B3BD8A034BDBD714D3424FD5 /* DropMeshMobileRuntime */; };
		7D0F56ABB61C94B99E847425 /* MobilePeerNamesTests.swift in Sources */ = {isa = PBXBuildFile; fileRef = C7C3622D0AB272D8348A6123 /* MobilePeerNamesTests.swift */; };
		814B96CE1865C30E735D2BBB /* MobileDurableTrustTests.swift in Sources */ = {isa = PBXBuildFile; fileRef = 0D830D4E4878EAB29F83D454 /* MobileDurableTrustTests.swift */; };
		884D176010840BF6A70953FB /* InfoPlist.strings in Resources */ = {isa = PBXBuildFile; fileRef = 6C81C2CC9E826AF5DF8174F4 /* InfoPlist.strings */; };
		8A6FB7D790896BABEA8B96C2 /* DeviceListView.swift in Sources */ = {isa = PBXBuildFile; fileRef = 165A287505755A187903CEC1 /* DeviceListView.swift */; };
		8ADBBD486232B0073F0F4434 /* PairingModel.swift in Sources */ = {isa = PBXBuildFile; fileRef = 1A74B9233E95B118EE8765EB /* PairingModel.swift */; };
		8D6244563BE06FF4E18561A8 /* MobileSendEvidenceHost.swift in Sources */ = {isa = PBXBuildFile; fileRef = 0C901B8A5C15A0EFA153DE2C /* MobileSendEvidenceHost.swift */; };
		9F9B7FECB35F0439804B47F1 /* MobileFilesPicker.swift in Sources */ = {isa = PBXBuildFile; fileRef = FF5EB2E29CE5CCD75C98A075 /* MobileFilesPicker.swift */; };
		A99AE515B936217BC92BFA70 /* Localizable.strings in Resources */ = {isa = PBXBuildFile; fileRef = F9D100CE642014031FE52C2E /* Localizable.strings */; };
		AC375FCE6831106D64B424D7 /* MobileTransferView.swift in Sources */ = {isa = PBXBuildFile; fileRef = 98475B2C453B6D6E2E8AA936 /* MobileTransferView.swift */; };
		BA8B4AA27E3147C730829FAE /* DeviceListView.swift in Sources */ = {isa = PBXBuildFile; fileRef = 165A287505755A187903CEC1 /* DeviceListView.swift */; };
		BC1FA08C2313214F2BEF951F /* MobileDurableTrust.swift in Sources */ = {isa = PBXBuildFile; fileRef = 5A86AE9D8953225A3B12E9DF /* MobileDurableTrust.swift */; };
		BDADDE4DC3C88D58AD500C9A /* MacChannelCore in Frameworks */ = {isa = PBXBuildFile; productRef = 3A495EAD0B084B673ADD6A55 /* MacChannelCore */; };
		C604DED27AC8134E9ABF1BBA /* MobileSendView.swift in Sources */ = {isa = PBXBuildFile; fileRef = A176CDE10132373A6831DDA8 /* MobileSendView.swift */; };
		C72A722428277689A692EDFD /* MobileDurableTrust.swift in Sources */ = {isa = PBXBuildFile; fileRef = 5A86AE9D8953225A3B12E9DF /* MobileDurableTrust.swift */; };
		CFAEEAE1A060A1F3F7C7B176 /* MobileAppModelTests.swift in Sources */ = {isa = PBXBuildFile; fileRef = D1CE3FC3CBFF98252640663E /* MobileAppModelTests.swift */; };
		D28D21EB6A38C52077D01F77 /* MacChannelCore in Frameworks */ = {isa = PBXBuildFile; productRef = F59CA89E2A0504EFF940B405 /* MacChannelCore */; };
		D2B45C770C12B8ED96E26B1D /* MobileAppModel.swift in Sources */ = {isa = PBXBuildFile; fileRef = 64F5B8A4EC69151ED61B7BAE /* MobileAppModel.swift */; };
		D7450846CA06EE12D3E56A53 /* DropMeshMobileRuntime in Frameworks */ = {isa = PBXBuildFile; productRef = 5591B7CB1BBE8DB8DFA3C8DD /* DropMeshMobileRuntime */; };
		E91A7369B215D14902F72A0E /* DropMeshTestHostApp.swift in Sources */ = {isa = PBXBuildFile; fileRef = 005D821FDE939BCC0EB4B8C7 /* DropMeshTestHostApp.swift */; };
		EC24D8F917E06EBDBEFD0EFF /* PairingCodeTests.swift in Sources */ = {isa = PBXBuildFile; fileRef = 485C5FC725AFCD7D539EEDFB /* PairingCodeTests.swift */; };
		EE4AD1D9A5A8B6EED812830C /* Assets.xcassets in Resources */ = {isa = PBXBuildFile; fileRef = 76C5193DCAB8E7BCD06DADDB /* Assets.xcassets */; };
		F9019334792EA1546821E89B /* MobileSendModel.swift in Sources */ = {isa = PBXBuildFile; fileRef = 074547827062A225FCBBFA7D /* MobileSendModel.swift */; };
/* End PBXBuildFile section */

/* Begin PBXContainerItemProxy section */
		054B52574E62CA78DBAE8AA3 /* PBXContainerItemProxy */ = {
			isa = PBXContainerItemProxy;
			containerPortal = 0327E6BC3DC825F3649CEC71 /* Project object */;
			proxyType = 1;
			remoteGlobalIDString = 81E4CCD92D9C10921DC8697C;
			remoteInfo = DropMeshTestHost;
		};
		95B826B1518A3AF606A42C65 /* PBXContainerItemProxy */ = {
			isa = PBXContainerItemProxy;
			containerPortal = 0327E6BC3DC825F3649CEC71 /* Project object */;
			proxyType = 1;
			remoteGlobalIDString = 81E4CCD92D9C10921DC8697C;
			remoteInfo = DropMeshTestHost;
		};
/* End PBXContainerItemProxy section */

/* Begin PBXFileReference section */
		005D821FDE939BCC0EB4B8C7 /* DropMeshTestHostApp.swift */ = {isa = PBXFileReference; lastKnownFileType = sourcecode.swift; path = DropMeshTestHostApp.swift; sourceTree = "<group>"; };
		074547827062A225FCBBFA7D /* MobileSendModel.swift */ = {isa = PBXFileReference; lastKnownFileType = sourcecode.swift; path = MobileSendModel.swift; sourceTree = "<group>"; };
		0C901B8A5C15A0EFA153DE2C /* MobileSendEvidenceHost.swift */ = {isa = PBXFileReference; lastKnownFileType = sourcecode.swift; path = MobileSendEvidenceHost.swift; sourceTree = "<group>"; };
		0D830D4E4878EAB29F83D454 /* MobileDurableTrustTests.swift */ = {isa = PBXFileReference; lastKnownFileType = sourcecode.swift; path = MobileDurableTrustTests.swift; sourceTree = "<group>"; };
		165A287505755A187903CEC1 /* DeviceListView.swift */ = {isa = PBXFileReference; lastKnownFileType = sourcecode.swift; path = DeviceListView.swift; sourceTree = "<group>"; };
		176E158047FFCA24839DF4DD /* MobileImportAdapterTests.swift */ = {isa = PBXFileReference; lastKnownFileType = sourcecode.swift; path = MobileImportAdapterTests.swift; sourceTree = "<group>"; };
		17B9B64B8A170F0B09D616B0 /* MobileAppSession.swift */ = {isa = PBXFileReference; lastKnownFileType = sourcecode.swift; path = MobileAppSession.swift; sourceTree = "<group>"; };
		1A74B9233E95B118EE8765EB /* PairingModel.swift */ = {isa = PBXFileReference; lastKnownFileType = sourcecode.swift; path = PairingModel.swift; sourceTree = "<group>"; };
		326419CC42BCFCA581098E3F /* DropMeshTests.xctest */ = {isa = PBXFileReference; includeInIndex = 0; lastKnownFileType = wrapper.cfbundle; path = DropMeshTests.xctest; sourceTree = BUILT_PRODUCTS_DIR; };
		4835F265E8852B7C557B14C0 /* PairingModelTests.swift */ = {isa = PBXFileReference; lastKnownFileType = sourcecode.swift; path = PairingModelTests.swift; sourceTree = "<group>"; };
		485C5FC725AFCD7D539EEDFB /* PairingCodeTests.swift */ = {isa = PBXFileReference; lastKnownFileType = sourcecode.swift; path = PairingCodeTests.swift; sourceTree = "<group>"; };
		4B3BFCAC3203F5BC65305D5F /* zh-Hans */ = {isa = PBXFileReference; lastKnownFileType = text.plist.strings; name = "zh-Hans"; path = "zh-Hans.lproj/InfoPlist.strings"; sourceTree = "<group>"; };
		503A0FD49848BCA492205AC0 /* Info.plist */ = {isa = PBXFileReference; lastKnownFileType = text.plist; path = Info.plist; sourceTree = "<group>"; };
		55CDD4C4BE61DB38367E7760 /* DropMesh.app */ = {isa = PBXFileReference; includeInIndex = 0; lastKnownFileType = wrapper.application; path = DropMesh.app; sourceTree = BUILT_PRODUCTS_DIR; };
		59A6F956BDE3FF2F5A32C7AF /* DropMeshApp.swift */ = {isa = PBXFileReference; lastKnownFileType = sourcecode.swift; path = DropMeshApp.swift; sourceTree = "<group>"; };
		5A86AE9D8953225A3B12E9DF /* MobileDurableTrust.swift */ = {isa = PBXFileReference; lastKnownFileType = sourcecode.swift; path = MobileDurableTrust.swift; sourceTree = "<group>"; };
		64F5B8A4EC69151ED61B7BAE /* MobileAppModel.swift */ = {isa = PBXFileReference; lastKnownFileType = sourcecode.swift; path = MobileAppModel.swift; sourceTree = "<group>"; };
		71782A07642E85FEBFFB472C /* en */ = {isa = PBXFileReference; lastKnownFileType = text.plist.strings; name = en; path = en.lproj/Localizable.strings; sourceTree = "<group>"; };
		763C3E398CE966AF9B4763BB /* en */ = {isa = PBXFileReference; lastKnownFileType = text.plist.strings; name = en; path = en.lproj/InfoPlist.strings; sourceTree = "<group>"; };
		76C5193DCAB8E7BCD06DADDB /* Assets.xcassets */ = {isa = PBXFileReference; lastKnownFileType = folder.assetcatalog; path = Assets.xcassets; sourceTree = "<group>"; };
		8B2611BDD7C6C04E32A29953 /* DropMeshUITests.xctest */ = {isa = PBXFileReference; includeInIndex = 0; lastKnownFileType = wrapper.cfbundle; path = DropMeshUITests.xctest; sourceTree = BUILT_PRODUCTS_DIR; };
		8B97DB2A3F22D9602B503EAF /* ProductionMobileAppDependencies.swift */ = {isa = PBXFileReference; lastKnownFileType = sourcecode.swift; path = ProductionMobileAppDependencies.swift; sourceTree = "<group>"; };
		98475B2C453B6D6E2E8AA936 /* MobileTransferView.swift */ = {isa = PBXFileReference; lastKnownFileType = sourcecode.swift; path = MobileTransferView.swift; sourceTree = "<group>"; };
		9B48831F8E46CF32BB150447 /* MobilePhotoImport.swift */ = {isa = PBXFileReference; lastKnownFileType = sourcecode.swift; path = MobilePhotoImport.swift; sourceTree = "<group>"; };
		9E3E1B0829229AE158713DE8 /* InertMobileSession.swift */ = {isa = PBXFileReference; lastKnownFileType = sourcecode.swift; path = InertMobileSession.swift; sourceTree = "<group>"; };
		A176CDE10132373A6831DDA8 /* MobileSendView.swift */ = {isa = PBXFileReference; lastKnownFileType = sourcecode.swift; path = MobileSendView.swift; sourceTree = "<group>"; };
		AA2DC0FE503504330567F461 /* PairingView.swift */ = {isa = PBXFileReference; lastKnownFileType = sourcecode.swift; path = PairingView.swift; sourceTree = "<group>"; };
		AF53E771EBFC31DE081D5B1C /* DropMeshUITests.swift */ = {isa = PBXFileReference; lastKnownFileType = sourcecode.swift; path = DropMeshUITests.swift; sourceTree = "<group>"; };
		C6C8F072646DFADC21B6346A /* dropmesh-iphone */ = {isa = PBXFileReference; lastKnownFileType = folder; name = "dropmesh-iphone"; path = ..; sourceTree = SOURCE_ROOT; };
		C7C3622D0AB272D8348A6123 /* MobilePeerNamesTests.swift */ = {isa = PBXFileReference; lastKnownFileType = sourcecode.swift; path = MobilePeerNamesTests.swift; sourceTree = "<group>"; };
		C9578B7C94839C1DC5BC5447 /* zh-Hans */ = {isa = PBXFileReference; lastKnownFileType = text.plist.strings; name = "zh-Hans"; path = "zh-Hans.lproj/Localizable.strings"; sourceTree = "<group>"; };
		D1CE3FC3CBFF98252640663E /* MobileAppModelTests.swift */ = {isa = PBXFileReference; lastKnownFileType = sourcecode.swift; path = MobileAppModelTests.swift; sourceTree = "<group>"; };
		DA5DD56ED8B7DBDA06D69A08 /* MobilePeerNames.swift */ = {isa = PBXFileReference; lastKnownFileType = sourcecode.swift; path = MobilePeerNames.swift; sourceTree = "<group>"; };
		E5A4513677CE21FBE91E019D /* DropMeshTestHost.app */ = {isa = PBXFileReference; includeInIndex = 0; lastKnownFileType = wrapper.application; path = DropMeshTestHost.app; sourceTree = BUILT_PRODUCTS_DIR; };
		EFDB0E813C60BF2268A4F4BD /* MobileSendModelTests.swift */ = {isa = PBXFileReference; lastKnownFileType = sourcecode.swift; path = MobileSendModelTests.swift; sourceTree = "<group>"; };
		FA2BEEF139C10D33AB97987F /* MobileImportService.swift */ = {isa = PBXFileReference; lastKnownFileType = sourcecode.swift; path = MobileImportService.swift; sourceTree = "<group>"; };
		FF5EB2E29CE5CCD75C98A075 /* MobileFilesPicker.swift */ = {isa = PBXFileReference; lastKnownFileType = sourcecode.swift; path = MobileFilesPicker.swift; sourceTree = "<group>"; };
/* End PBXFileReference section */

/* Begin PBXFrameworksBuildPhase section */
		595CAFCB30D870F549704689 /* Frameworks */ = {
			isa = PBXFrameworksBuildPhase;
			buildActionMask = 2147483647;
			files = (
				7CEEB9426D37F5043AD379EE /* DropMeshMobileRuntime in Frameworks */,
				BDADDE4DC3C88D58AD500C9A /* MacChannelCore in Frameworks */,
			);
			runOnlyForDeploymentPostprocessing = 0;
		};
		FB0960BDAEFFAF76E47DC039 /* Frameworks */ = {
			isa = PBXFrameworksBuildPhase;
			buildActionMask = 2147483647;
			files = (
				D7450846CA06EE12D3E56A53 /* DropMeshMobileRuntime in Frameworks */,
				D28D21EB6A38C52077D01F77 /* MacChannelCore in Frameworks */,
			);
			runOnlyForDeploymentPostprocessing = 0;
		};
/* End PBXFrameworksBuildPhase section */

/* Begin PBXGroup section */
		08F0CE34D8521074312AF658 /* Products */ = {
			isa = PBXGroup;
			children = (
				55CDD4C4BE61DB38367E7760 /* DropMesh.app */,
				E5A4513677CE21FBE91E019D /* DropMeshTestHost.app */,
				326419CC42BCFCA581098E3F /* DropMeshTests.xctest */,
				8B2611BDD7C6C04E32A29953 /* DropMeshUITests.xctest */,
			);
			name = Products;
			sourceTree = "<group>";
		};
		22AB79292F21AED1DB7D179D /* Packages */ = {
			isa = PBXGroup;
			children = (
				C6C8F072646DFADC21B6346A /* dropmesh-iphone */,
			);
			name = Packages;
			sourceTree = "<group>";
		};
		3DD42F23C6957BB51840B2A7 /* Resources */ = {
			isa = PBXGroup;
			children = (
				6C81C2CC9E826AF5DF8174F4 /* InfoPlist.strings */,
				F9D100CE642014031FE52C2E /* Localizable.strings */,
			);
			path = Resources;
			sourceTree = "<group>";
		};
		51B61012B361350FCB5D284C /* UI */ = {
			isa = PBXGroup;
			children = (
				AF53E771EBFC31DE081D5B1C /* DropMeshUITests.swift */,
			);
			name = UI;
			path = Tests/UI;
			sourceTree = "<group>";
		};
		91C20C72D0C622D77ED59725 /* TestHost */ = {
			isa = PBXGroup;
			children = (
				005D821FDE939BCC0EB4B8C7 /* DropMeshTestHostApp.swift */,
				9E3E1B0829229AE158713DE8 /* InertMobileSession.swift */,
				0C901B8A5C15A0EFA153DE2C /* MobileSendEvidenceHost.swift */,
			);
			name = TestHost;
			path = Tests/TestHost;
			sourceTree = "<group>";
		};
		ADD6636E6EFA732086843E03 /* Unit */ = {
			isa = PBXGroup;
			children = (
				D1CE3FC3CBFF98252640663E /* MobileAppModelTests.swift */,
				0D830D4E4878EAB29F83D454 /* MobileDurableTrustTests.swift */,
				176E158047FFCA24839DF4DD /* MobileImportAdapterTests.swift */,
				C7C3622D0AB272D8348A6123 /* MobilePeerNamesTests.swift */,
				EFDB0E813C60BF2268A4F4BD /* MobileSendModelTests.swift */,
				485C5FC725AFCD7D539EEDFB /* PairingCodeTests.swift */,
				4835F265E8852B7C557B14C0 /* PairingModelTests.swift */,
			);
			name = Unit;
			path = Tests/Unit;
			sourceTree = "<group>";
		};
		CA2B64B2A88B96C0465F4017 /* App */ = {
			isa = PBXGroup;
			children = (
				76C5193DCAB8E7BCD06DADDB /* Assets.xcassets */,
				165A287505755A187903CEC1 /* DeviceListView.swift */,
				59A6F956BDE3FF2F5A32C7AF /* DropMeshApp.swift */,
				503A0FD49848BCA492205AC0 /* Info.plist */,
				64F5B8A4EC69151ED61B7BAE /* MobileAppModel.swift */,
				17B9B64B8A170F0B09D616B0 /* MobileAppSession.swift */,
				5A86AE9D8953225A3B12E9DF /* MobileDurableTrust.swift */,
				FF5EB2E29CE5CCD75C98A075 /* MobileFilesPicker.swift */,
				FA2BEEF139C10D33AB97987F /* MobileImportService.swift */,
				DA5DD56ED8B7DBDA06D69A08 /* MobilePeerNames.swift */,
				9B48831F8E46CF32BB150447 /* MobilePhotoImport.swift */,
				074547827062A225FCBBFA7D /* MobileSendModel.swift */,
				A176CDE10132373A6831DDA8 /* MobileSendView.swift */,
				98475B2C453B6D6E2E8AA936 /* MobileTransferView.swift */,
				1A74B9233E95B118EE8765EB /* PairingModel.swift */,
				AA2DC0FE503504330567F461 /* PairingView.swift */,
				8B97DB2A3F22D9602B503EAF /* ProductionMobileAppDependencies.swift */,
			);
			path = App;
			sourceTree = "<group>";
		};
		F675473C02A42749F15BD941 = {
			isa = PBXGroup;
			children = (
				CA2B64B2A88B96C0465F4017 /* App */,
				22AB79292F21AED1DB7D179D /* Packages */,
				3DD42F23C6957BB51840B2A7 /* Resources */,
				91C20C72D0C622D77ED59725 /* TestHost */,
				51B61012B361350FCB5D284C /* UI */,
				ADD6636E6EFA732086843E03 /* Unit */,
				08F0CE34D8521074312AF658 /* Products */,
			);
			sourceTree = "<group>";
		};
/* End PBXGroup section */

/* Begin PBXNativeTarget section */
		092D9C8B76F6D4ABB7E0E4FF /* DropMeshUITests */ = {
			isa = PBXNativeTarget;
			buildConfigurationList = 009F570B78319CA86D315964 /* Build configuration list for PBXNativeTarget "DropMeshUITests" */;
			buildPhases = (
				C3C9918CDC3C3068446930C8 /* Sources */,
			);
			buildRules = (
			);
			dependencies = (
				72A4B9E34F4811F49FDD18FC /* PBXTargetDependency */,
			);
			name = DropMeshUITests;
			packageProductDependencies = (
			);
			productName = DropMeshUITests;
			productReference = 8B2611BDD7C6C04E32A29953 /* DropMeshUITests.xctest */;
			productType = "com.apple.product-type.bundle.ui-testing";
		};
		81E4CCD92D9C10921DC8697C /* DropMeshTestHost */ = {
			isa = PBXNativeTarget;
			buildConfigurationList = F1F779682BCB9AA200A437A5 /* Build configuration list for PBXNativeTarget "DropMeshTestHost" */;
			buildPhases = (
				5CD4D6E1D03AAEFCD9D9AF6D /* Sources */,
				D92CB21F7F3EECA51BDC2B15 /* Resources */,
				FB0960BDAEFFAF76E47DC039 /* Frameworks */,
			);
			buildRules = (
			);
			dependencies = (
			);
			name = DropMeshTestHost;
			packageProductDependencies = (
				5591B7CB1BBE8DB8DFA3C8DD /* DropMeshMobileRuntime */,
				F59CA89E2A0504EFF940B405 /* MacChannelCore */,
			);
			productName = DropMeshTestHost;
			productReference = E5A4513677CE21FBE91E019D /* DropMeshTestHost.app */;
			productType = "com.apple.product-type.application";
		};
		9B2473DA890B2320509E5ABB /* DropMeshTests */ = {
			isa = PBXNativeTarget;
			buildConfigurationList = F623B6AF8AEAB3C53B3CD562 /* Build configuration list for PBXNativeTarget "DropMeshTests" */;
			buildPhases = (
				56D83AEBC4B68495EAEC39E0 /* Sources */,
			);
			buildRules = (
			);
			dependencies = (
				784A31CED3E677BDAC4B9D2E /* PBXTargetDependency */,
			);
			name = DropMeshTests;
			packageProductDependencies = (
			);
			productName = DropMeshTests;
			productReference = 326419CC42BCFCA581098E3F /* DropMeshTests.xctest */;
			productType = "com.apple.product-type.bundle.unit-test";
		};
		CD2B911E499BE78DA53555C5 /* DropMesh */ = {
			isa = PBXNativeTarget;
			buildConfigurationList = 479DC133DDEABF80E1A0361D /* Build configuration list for PBXNativeTarget "DropMesh" */;
			buildPhases = (
				4FFD80D53DC7F77F6BF80D70 /* Sources */,
				E892125DF8C9985CFDE8BB6E /* Resources */,
				595CAFCB30D870F549704689 /* Frameworks */,
			);
			buildRules = (
			);
			dependencies = (
			);
			name = DropMesh;
			packageProductDependencies = (
				B3BD8A034BDBD714D3424FD5 /* DropMeshMobileRuntime */,
				3A495EAD0B084B673ADD6A55 /* MacChannelCore */,
			);
			productName = DropMesh;
			productReference = 55CDD4C4BE61DB38367E7760 /* DropMesh.app */;
			productType = "com.apple.product-type.application";
		};
/* End PBXNativeTarget section */

/* Begin PBXProject section */
		0327E6BC3DC825F3649CEC71 /* Project object */ = {
			isa = PBXProject;
			attributes = {
				BuildIndependentTargetsInParallel = YES;
				LastUpgradeCheck = 1640;
				TargetAttributes = {
					092D9C8B76F6D4ABB7E0E4FF = {
						TestTargetID = 81E4CCD92D9C10921DC8697C;
					};
				};
			};
			buildConfigurationList = 60CC1D8D7EC96B62288E39B7 /* Build configuration list for PBXProject "DropMesh" */;
			developmentRegion = en;
			hasScannedForEncodings = 0;
			knownRegions = (
				Base,
				en,
				"zh-Hans",
			);
			mainGroup = F675473C02A42749F15BD941;
			minimizedProjectReferenceProxies = 1;
			packageReferences = (
				89B0A55792AD477086A614F7 /* XCLocalSwiftPackageReference ".." */,
			);
			preferredProjectObjectVersion = 77;
			productRefGroup = 08F0CE34D8521074312AF658 /* Products */;
			projectDirPath = "";
			projectRoot = "";
			targets = (
				CD2B911E499BE78DA53555C5 /* DropMesh */,
				81E4CCD92D9C10921DC8697C /* DropMeshTestHost */,
				9B2473DA890B2320509E5ABB /* DropMeshTests */,
				092D9C8B76F6D4ABB7E0E4FF /* DropMeshUITests */,
			);
		};
/* End PBXProject section */

/* Begin PBXResourcesBuildPhase section */
		D92CB21F7F3EECA51BDC2B15 /* Resources */ = {
			isa = PBXResourcesBuildPhase;
			buildActionMask = 2147483647;
			files = (
				10CD1E3054124B4C7C164539 /* Assets.xcassets in Resources */,
				7AD03419886B61D54E5378B5 /* InfoPlist.strings in Resources */,
				A99AE515B936217BC92BFA70 /* Localizable.strings in Resources */,
			);
			runOnlyForDeploymentPostprocessing = 0;
		};
		E892125DF8C9985CFDE8BB6E /* Resources */ = {
			isa = PBXResourcesBuildPhase;
			buildActionMask = 2147483647;
			files = (
				EE4AD1D9A5A8B6EED812830C /* Assets.xcassets in Resources */,
				884D176010840BF6A70953FB /* InfoPlist.strings in Resources */,
				7C943D8B582B57DBD68514DA /* Localizable.strings in Resources */,
			);
			runOnlyForDeploymentPostprocessing = 0;
		};
/* End PBXResourcesBuildPhase section */

/* Begin PBXSourcesBuildPhase section */
		4FFD80D53DC7F77F6BF80D70 /* Sources */ = {
			isa = PBXSourcesBuildPhase;
			buildActionMask = 2147483647;
			files = (
				8A6FB7D790896BABEA8B96C2 /* DeviceListView.swift in Sources */,
				29077D85A5871BA30317975A /* DropMeshApp.swift in Sources */,
				5F0B3EF8DB407DF7DB976939 /* MobileAppModel.swift in Sources */,
				2D2460AEB748F70ECBFE33A1 /* MobileAppSession.swift in Sources */,
				BC1FA08C2313214F2BEF951F /* MobileDurableTrust.swift in Sources */,
				9F9B7FECB35F0439804B47F1 /* MobileFilesPicker.swift in Sources */,
				1D3A08FAA40B041DC3A7B590 /* MobileImportService.swift in Sources */,
				2D9A59451805F8B4F98357BF /* MobilePeerNames.swift in Sources */,
				57CA24697E5F67EF931C78F6 /* MobilePhotoImport.swift in Sources */,
				F9019334792EA1546821E89B /* MobileSendModel.swift in Sources */,
				07C5EB01BA5D18C259B69023 /* MobileSendView.swift in Sources */,
				5E5886A80F3EFC98E2A2D19B /* MobileTransferView.swift in Sources */,
				8ADBBD486232B0073F0F4434 /* PairingModel.swift in Sources */,
				5C851F657A65CDCA44F7A895 /* PairingView.swift in Sources */,
				29743D11F6701F1B3219095F /* ProductionMobileAppDependencies.swift in Sources */,
			);
			runOnlyForDeploymentPostprocessing = 0;
		};
		56D83AEBC4B68495EAEC39E0 /* Sources */ = {
			isa = PBXSourcesBuildPhase;
			buildActionMask = 2147483647;
			files = (
				CFAEEAE1A060A1F3F7C7B176 /* MobileAppModelTests.swift in Sources */,
				814B96CE1865C30E735D2BBB /* MobileDurableTrustTests.swift in Sources */,
				12CDAFE347F5CE03D7538CB1 /* MobileImportAdapterTests.swift in Sources */,
				7D0F56ABB61C94B99E847425 /* MobilePeerNamesTests.swift in Sources */,
				01C56A94E7CC9DBB515C661E /* MobileSendModelTests.swift in Sources */,
				EC24D8F917E06EBDBEFD0EFF /* PairingCodeTests.swift in Sources */,
				0335FC4356630E361F3436C1 /* PairingModelTests.swift in Sources */,
			);
			runOnlyForDeploymentPostprocessing = 0;
		};
		5CD4D6E1D03AAEFCD9D9AF6D /* Sources */ = {
			isa = PBXSourcesBuildPhase;
			buildActionMask = 2147483647;
			files = (
				BA8B4AA27E3147C730829FAE /* DeviceListView.swift in Sources */,
				E91A7369B215D14902F72A0E /* DropMeshTestHostApp.swift in Sources */,
				00932389C62792458B54AFA6 /* InertMobileSession.swift in Sources */,
				D2B45C770C12B8ED96E26B1D /* MobileAppModel.swift in Sources */,
				3CE0239CCB871945A20F156F /* MobileAppSession.swift in Sources */,
				C72A722428277689A692EDFD /* MobileDurableTrust.swift in Sources */,
				034A825E6F7B335A1A90A15A /* MobileFilesPicker.swift in Sources */,
				467034C3052FC87F1DF73E87 /* MobileImportService.swift in Sources */,
				2B6817DBDBF40137D3623253 /* MobilePeerNames.swift in Sources */,
				5F4782FB020D4BEF50EC5451 /* MobilePhotoImport.swift in Sources */,
				8D6244563BE06FF4E18561A8 /* MobileSendEvidenceHost.swift in Sources */,
				249115AE81C5ED79D88E368B /* MobileSendModel.swift in Sources */,
				C604DED27AC8134E9ABF1BBA /* MobileSendView.swift in Sources */,
				AC375FCE6831106D64B424D7 /* MobileTransferView.swift in Sources */,
				72F00130732B48EBEC352C02 /* PairingModel.swift in Sources */,
				6934FC13A7ADC30A78A71A83 /* PairingView.swift in Sources */,
			);
			runOnlyForDeploymentPostprocessing = 0;
		};
		C3C9918CDC3C3068446930C8 /* Sources */ = {
			isa = PBXSourcesBuildPhase;
			buildActionMask = 2147483647;
			files = (
				1D2AE99A4B8027E2DCA9A423 /* DropMeshUITests.swift in Sources */,
			);
			runOnlyForDeploymentPostprocessing = 0;
		};
/* End PBXSourcesBuildPhase section */

/* Begin PBXTargetDependency section */
		72A4B9E34F4811F49FDD18FC /* PBXTargetDependency */ = {
			isa = PBXTargetDependency;
			target = 81E4CCD92D9C10921DC8697C /* DropMeshTestHost */;
			targetProxy = 95B826B1518A3AF606A42C65 /* PBXContainerItemProxy */;
		};
		784A31CED3E677BDAC4B9D2E /* PBXTargetDependency */ = {
			isa = PBXTargetDependency;
			target = 81E4CCD92D9C10921DC8697C /* DropMeshTestHost */;
			targetProxy = 054B52574E62CA78DBAE8AA3 /* PBXContainerItemProxy */;
		};
/* End PBXTargetDependency section */

/* Begin PBXVariantGroup section */
		6C81C2CC9E826AF5DF8174F4 /* InfoPlist.strings */ = {
			isa = PBXVariantGroup;
			children = (
				763C3E398CE966AF9B4763BB /* en */,
				4B3BFCAC3203F5BC65305D5F /* zh-Hans */,
			);
			name = InfoPlist.strings;
			sourceTree = "<group>";
		};
		F9D100CE642014031FE52C2E /* Localizable.strings */ = {
			isa = PBXVariantGroup;
			children = (
				71782A07642E85FEBFFB472C /* en */,
				C9578B7C94839C1DC5BC5447 /* zh-Hans */,
			);
			name = Localizable.strings;
			sourceTree = "<group>";
		};
/* End PBXVariantGroup section */

/* Begin XCBuildConfiguration section */
		14181997682B9497D2291BC5 /* Release */ = {
			isa = XCBuildConfiguration;
			buildSettings = {
				ASSETCATALOG_COMPILER_APPICON_NAME = AppIcon;
				CODE_SIGN_IDENTITY = "iPhone Developer";
				GENERATE_INFOPLIST_FILE = YES;
				INFOPLIST_FILE = App/Info.plist;
				INFOPLIST_KEY_CFBundleDisplayName = DropMesh;
				INFOPLIST_KEY_UILaunchScreen_Generation = YES;
				LD_RUNPATH_SEARCH_PATHS = (
					"$(inherited)",
					"@executable_path/Frameworks",
				);
				PRODUCT_BUNDLE_IDENTIFIER = "com.zensystech.dropmesh.iphone.dev.test-host";
				PRODUCT_NAME = DropMeshTestHost;
				SDKROOT = iphoneos;
				TARGETED_DEVICE_FAMILY = "1,2";
			};
			name = Release;
		};
		2EBF61AF8F261D9A907BF9E2 /* Debug */ = {
			isa = XCBuildConfiguration;
			buildSettings = {
				BUNDLE_LOADER = "$(TEST_HOST)";
				GENERATE_INFOPLIST_FILE = YES;
				LD_RUNPATH_SEARCH_PATHS = (
					"$(inherited)",
					"@executable_path/Frameworks",
					"@loader_path/Frameworks",
				);
				PRODUCT_BUNDLE_IDENTIFIER = com.zensystech.dropmesh.iphone.dev.uitests;
				SDKROOT = iphoneos;
				TARGETED_DEVICE_FAMILY = "1,2";
				TEST_TARGET_NAME = DropMeshTestHost;
			};
			name = Debug;
		};
		47414EE382766746FA565025 /* Debug */ = {
			isa = XCBuildConfiguration;
			buildSettings = {
				ALWAYS_SEARCH_USER_PATHS = NO;
				CLANG_ANALYZER_NONNULL = YES;
				CLANG_ANALYZER_NUMBER_OBJECT_CONVERSION = YES_AGGRESSIVE;
				CLANG_CXX_LANGUAGE_STANDARD = "gnu++14";
				CLANG_CXX_LIBRARY = "libc++";
				CLANG_ENABLE_MODULES = YES;
				CLANG_ENABLE_OBJC_ARC = YES;
				CLANG_ENABLE_OBJC_WEAK = YES;
				CLANG_WARN_BLOCK_CAPTURE_AUTORELEASING = YES;
				CLANG_WARN_BOOL_CONVERSION = YES;
				CLANG_WARN_COMMA = YES;
				CLANG_WARN_CONSTANT_CONVERSION = YES;
				CLANG_WARN_DEPRECATED_OBJC_IMPLEMENTATIONS = YES;
				CLANG_WARN_DIRECT_OBJC_ISA_USAGE = YES_ERROR;
				CLANG_WARN_DOCUMENTATION_COMMENTS = YES;
				CLANG_WARN_EMPTY_BODY = YES;
				CLANG_WARN_ENUM_CONVERSION = YES;
				CLANG_WARN_INFINITE_RECURSION = YES;
				CLANG_WARN_INT_CONVERSION = YES;
				CLANG_WARN_NON_LITERAL_NULL_CONVERSION = YES;
				CLANG_WARN_OBJC_IMPLICIT_RETAIN_SELF = YES;
				CLANG_WARN_OBJC_LITERAL_CONVERSION = YES;
				CLANG_WARN_OBJC_ROOT_CLASS = YES_ERROR;
				CLANG_WARN_QUOTED_INCLUDE_IN_FRAMEWORK_HEADER = YES;
				CLANG_WARN_RANGE_LOOP_ANALYSIS = YES;
				CLANG_WARN_STRICT_PROTOTYPES = YES;
				CLANG_WARN_SUSPICIOUS_MOVE = YES;
				CLANG_WARN_UNGUARDED_AVAILABILITY = YES_AGGRESSIVE;
				CLANG_WARN_UNREACHABLE_CODE = YES;
				CLANG_WARN__DUPLICATE_METHOD_MATCH = YES;
				COPY_PHASE_STRIP = NO;
				DEBUG_INFORMATION_FORMAT = dwarf;
				ENABLE_STRICT_OBJC_MSGSEND = YES;
				ENABLE_TESTABILITY = YES;
				GCC_C_LANGUAGE_STANDARD = gnu11;
				GCC_DYNAMIC_NO_PIC = NO;
				GCC_NO_COMMON_BLOCKS = YES;
				GCC_OPTIMIZATION_LEVEL = 0;
				GCC_PREPROCESSOR_DEFINITIONS = (
					"$(inherited)",
					"DEBUG=1",
				);
				GCC_WARN_64_TO_32_BIT_CONVERSION = YES;
				GCC_WARN_ABOUT_RETURN_TYPE = YES_ERROR;
				GCC_WARN_UNDECLARED_SELECTOR = YES;
				GCC_WARN_UNINITIALIZED_AUTOS = YES_AGGRESSIVE;
				GCC_WARN_UNUSED_FUNCTION = YES;
				GCC_WARN_UNUSED_VARIABLE = YES;
				IPHONEOS_DEPLOYMENT_TARGET = 17.0;
				MTL_ENABLE_DEBUG_INFO = INCLUDE_SOURCE;
				MTL_FAST_MATH = YES;
				ONLY_ACTIVE_ARCH = YES;
				PRODUCT_NAME = "$(TARGET_NAME)";
				SDKROOT = iphoneos;
				SWIFT_ACTIVE_COMPILATION_CONDITIONS = DEBUG;
				SWIFT_OPTIMIZATION_LEVEL = "-Onone";
				SWIFT_VERSION = 6.0;
				TARGETED_DEVICE_FAMILY = 1;
			};
			name = Debug;
		};
		4A529872F36E605CA3F768D9 /* Release */ = {
			isa = XCBuildConfiguration;
			buildSettings = {
				BUNDLE_LOADER = "$(TEST_HOST)";
				GENERATE_INFOPLIST_FILE = YES;
				LD_RUNPATH_SEARCH_PATHS = (
					"$(inherited)",
					"@executable_path/Frameworks",
					"@loader_path/Frameworks",
				);
				PRODUCT_BUNDLE_IDENTIFIER = com.zensystech.dropmesh.iphone.dev.tests;
				SDKROOT = iphoneos;
				TARGETED_DEVICE_FAMILY = "1,2";
				TEST_HOST = "$(BUILT_PRODUCTS_DIR)/DropMeshTestHost.app/DropMeshTestHost";
			};
			name = Release;
		};
		4BAF6F7E3D5593136971FBB6 /* Release */ = {
			isa = XCBuildConfiguration;
			buildSettings = {
				ALWAYS_SEARCH_USER_PATHS = NO;
				CLANG_ANALYZER_NONNULL = YES;
				CLANG_ANALYZER_NUMBER_OBJECT_CONVERSION = YES_AGGRESSIVE;
				CLANG_CXX_LANGUAGE_STANDARD = "gnu++14";
				CLANG_CXX_LIBRARY = "libc++";
				CLANG_ENABLE_MODULES = YES;
				CLANG_ENABLE_OBJC_ARC = YES;
				CLANG_ENABLE_OBJC_WEAK = YES;
				CLANG_WARN_BLOCK_CAPTURE_AUTORELEASING = YES;
				CLANG_WARN_BOOL_CONVERSION = YES;
				CLANG_WARN_COMMA = YES;
				CLANG_WARN_CONSTANT_CONVERSION = YES;
				CLANG_WARN_DEPRECATED_OBJC_IMPLEMENTATIONS = YES;
				CLANG_WARN_DIRECT_OBJC_ISA_USAGE = YES_ERROR;
				CLANG_WARN_DOCUMENTATION_COMMENTS = YES;
				CLANG_WARN_EMPTY_BODY = YES;
				CLANG_WARN_ENUM_CONVERSION = YES;
				CLANG_WARN_INFINITE_RECURSION = YES;
				CLANG_WARN_INT_CONVERSION = YES;
				CLANG_WARN_NON_LITERAL_NULL_CONVERSION = YES;
				CLANG_WARN_OBJC_IMPLICIT_RETAIN_SELF = YES;
				CLANG_WARN_OBJC_LITERAL_CONVERSION = YES;
				CLANG_WARN_OBJC_ROOT_CLASS = YES_ERROR;
				CLANG_WARN_QUOTED_INCLUDE_IN_FRAMEWORK_HEADER = YES;
				CLANG_WARN_RANGE_LOOP_ANALYSIS = YES;
				CLANG_WARN_STRICT_PROTOTYPES = YES;
				CLANG_WARN_SUSPICIOUS_MOVE = YES;
				CLANG_WARN_UNGUARDED_AVAILABILITY = YES_AGGRESSIVE;
				CLANG_WARN_UNREACHABLE_CODE = YES;
				CLANG_WARN__DUPLICATE_METHOD_MATCH = YES;
				COPY_PHASE_STRIP = NO;
				DEBUG_INFORMATION_FORMAT = "dwarf-with-dsym";
				ENABLE_NS_ASSERTIONS = NO;
				ENABLE_STRICT_OBJC_MSGSEND = YES;
				GCC_C_LANGUAGE_STANDARD = gnu11;
				GCC_NO_COMMON_BLOCKS = YES;
				GCC_WARN_64_TO_32_BIT_CONVERSION = YES;
				GCC_WARN_ABOUT_RETURN_TYPE = YES_ERROR;
				GCC_WARN_UNDECLARED_SELECTOR = YES;
				GCC_WARN_UNINITIALIZED_AUTOS = YES_AGGRESSIVE;
				GCC_WARN_UNUSED_FUNCTION = YES;
				GCC_WARN_UNUSED_VARIABLE = YES;
				IPHONEOS_DEPLOYMENT_TARGET = 17.0;
				MTL_ENABLE_DEBUG_INFO = NO;
				MTL_FAST_MATH = YES;
				PRODUCT_NAME = "$(TARGET_NAME)";
				SDKROOT = iphoneos;
				SWIFT_COMPILATION_MODE = wholemodule;
				SWIFT_OPTIMIZATION_LEVEL = "-O";
				SWIFT_VERSION = 6.0;
				TARGETED_DEVICE_FAMILY = 1;
			};
			name = Release;
		};
		4F984F03E17D3326A371F5DC /* Debug */ = {
			isa = XCBuildConfiguration;
			buildSettings = {
				ASSETCATALOG_COMPILER_APPICON_NAME = AppIcon;
				CODE_SIGN_IDENTITY = "iPhone Developer";
				GENERATE_INFOPLIST_FILE = YES;
				INFOPLIST_FILE = App/Info.plist;
				INFOPLIST_KEY_CFBundleDisplayName = DropMesh;
				INFOPLIST_KEY_UILaunchScreen_Generation = YES;
				LD_RUNPATH_SEARCH_PATHS = (
					"$(inherited)",
					"@executable_path/Frameworks",
				);
				PRODUCT_BUNDLE_IDENTIFIER = "com.zensystech.dropmesh.iphone.dev.test-host";
				PRODUCT_NAME = DropMeshTestHost;
				SDKROOT = iphoneos;
				TARGETED_DEVICE_FAMILY = "1,2";
			};
			name = Debug;
		};
		6E5EB46458DEED57B57F92D9 /* Debug */ = {
			isa = XCBuildConfiguration;
			buildSettings = {
				ASSETCATALOG_COMPILER_APPICON_NAME = AppIcon;
				CODE_SIGN_IDENTITY = "iPhone Developer";
				GENERATE_INFOPLIST_FILE = NO;
				INFOPLIST_FILE = App/Info.plist;
				LD_RUNPATH_SEARCH_PATHS = (
					"$(inherited)",
					"@executable_path/Frameworks",
				);
				PRODUCT_BUNDLE_IDENTIFIER = com.zensystech.dropmesh.iphone.dev;
				PRODUCT_NAME = DropMesh;
				SDKROOT = iphoneos;
				TARGETED_DEVICE_FAMILY = "1,2";
			};
			name = Debug;
		};
		A613080B75E8C32834E3A0FF /* Release */ = {
			isa = XCBuildConfiguration;
			buildSettings = {
				BUNDLE_LOADER = "$(TEST_HOST)";
				GENERATE_INFOPLIST_FILE = YES;
				LD_RUNPATH_SEARCH_PATHS = (
					"$(inherited)",
					"@executable_path/Frameworks",
					"@loader_path/Frameworks",
				);
				PRODUCT_BUNDLE_IDENTIFIER = com.zensystech.dropmesh.iphone.dev.uitests;
				SDKROOT = iphoneos;
				TARGETED_DEVICE_FAMILY = "1,2";
				TEST_TARGET_NAME = DropMeshTestHost;
			};
			name = Release;
		};
		E968EE9A732E7CB584549B1C /* Debug */ = {
			isa = XCBuildConfiguration;
			buildSettings = {
				BUNDLE_LOADER = "$(TEST_HOST)";
				GENERATE_INFOPLIST_FILE = YES;
				LD_RUNPATH_SEARCH_PATHS = (
					"$(inherited)",
					"@executable_path/Frameworks",
					"@loader_path/Frameworks",
				);
				PRODUCT_BUNDLE_IDENTIFIER = com.zensystech.dropmesh.iphone.dev.tests;
				SDKROOT = iphoneos;
				TARGETED_DEVICE_FAMILY = "1,2";
				TEST_HOST = "$(BUILT_PRODUCTS_DIR)/DropMeshTestHost.app/DropMeshTestHost";
			};
			name = Debug;
		};
		F8446B2D166D7C014A92E09B /* Release */ = {
			isa = XCBuildConfiguration;
			buildSettings = {
				ASSETCATALOG_COMPILER_APPICON_NAME = AppIcon;
				CODE_SIGN_IDENTITY = "iPhone Developer";
				GENERATE_INFOPLIST_FILE = NO;
				INFOPLIST_FILE = App/Info.plist;
				LD_RUNPATH_SEARCH_PATHS = (
					"$(inherited)",
					"@executable_path/Frameworks",
				);
				PRODUCT_BUNDLE_IDENTIFIER = com.zensystech.dropmesh.iphone.dev;
				PRODUCT_NAME = DropMesh;
				SDKROOT = iphoneos;
				TARGETED_DEVICE_FAMILY = "1,2";
			};
			name = Release;
		};
/* End XCBuildConfiguration section */

/* Begin XCConfigurationList section */
		009F570B78319CA86D315964 /* Build configuration list for PBXNativeTarget "DropMeshUITests" */ = {
			isa = XCConfigurationList;
			buildConfigurations = (
				2EBF61AF8F261D9A907BF9E2 /* Debug */,
				A613080B75E8C32834E3A0FF /* Release */,
			);
			defaultConfigurationIsVisible = 0;
			defaultConfigurationName = Debug;
		};
		479DC133DDEABF80E1A0361D /* Build configuration list for PBXNativeTarget "DropMesh" */ = {
			isa = XCConfigurationList;
			buildConfigurations = (
				6E5EB46458DEED57B57F92D9 /* Debug */,
				F8446B2D166D7C014A92E09B /* Release */,
			);
			defaultConfigurationIsVisible = 0;
			defaultConfigurationName = Debug;
		};
		60CC1D8D7EC96B62288E39B7 /* Build configuration list for PBXProject "DropMesh" */ = {
			isa = XCConfigurationList;
			buildConfigurations = (
				47414EE382766746FA565025 /* Debug */,
				4BAF6F7E3D5593136971FBB6 /* Release */,
			);
			defaultConfigurationIsVisible = 0;
			defaultConfigurationName = Debug;
		};
		F1F779682BCB9AA200A437A5 /* Build configuration list for PBXNativeTarget "DropMeshTestHost" */ = {
			isa = XCConfigurationList;
			buildConfigurations = (
				4F984F03E17D3326A371F5DC /* Debug */,
				14181997682B9497D2291BC5 /* Release */,
			);
			defaultConfigurationIsVisible = 0;
			defaultConfigurationName = Debug;
		};
		F623B6AF8AEAB3C53B3CD562 /* Build configuration list for PBXNativeTarget "DropMeshTests" */ = {
			isa = XCConfigurationList;
			buildConfigurations = (
				E968EE9A732E7CB584549B1C /* Debug */,
				4A529872F36E605CA3F768D9 /* Release */,
			);
			defaultConfigurationIsVisible = 0;
			defaultConfigurationName = Debug;
		};
/* End XCConfigurationList section */

/* Begin XCLocalSwiftPackageReference section */
		89B0A55792AD477086A614F7 /* XCLocalSwiftPackageReference ".." */ = {
			isa = XCLocalSwiftPackageReference;
			relativePath = ..;
		};
/* End XCLocalSwiftPackageReference section */

/* Begin XCSwiftPackageProductDependency section */
		3A495EAD0B084B673ADD6A55 /* MacChannelCore */ = {
			isa = XCSwiftPackageProductDependency;
			productName = MacChannelCore;
		};
		5591B7CB1BBE8DB8DFA3C8DD /* DropMeshMobileRuntime */ = {
			isa = XCSwiftPackageProductDependency;
			productName = DropMeshMobileRuntime;
		};
		B3BD8A034BDBD714D3424FD5 /* DropMeshMobileRuntime */ = {
			isa = XCSwiftPackageProductDependency;
			productName = DropMeshMobileRuntime;
		};
		F59CA89E2A0504EFF940B405 /* MacChannelCore */ = {
			isa = XCSwiftPackageProductDependency;
			productName = MacChannelCore;
		};
/* End XCSwiftPackageProductDependency section */
	};
	rootObject = 0327E6BC3DC825F3649CEC71 /* Project object */;
}
